// !$*UTF8*$!
{
	archiveVersion = 1;
	classes = {
	};
	objectVersion = 50;
	objects = {

/* Begin PBXBuildFile section */
		36424D3D9981F6768415EA0D /* libPods-PPPlayer.a in Frameworks */ = {isa = PBXBuildFile; fileRef = A82B1F89D8671E328A8E1A84 /* libPods-PPPlayer.a */; };
		55B11D75249E61D10029EB69 /* AppDelegate.m in Sources */ = {isa = PBXBuildFile; fileRef = 55B11D74249E61D10029EB69 /* AppDelegate.m */; };
		55B11D7B249E61D10029EB69 /* ViewController.m in Sources */ = {isa = PBXBuildFile; fileRef = 55B11D7A249E61D10029EB69 /* ViewController.m */; };
		55B11D80249E61D20029EB69 /* Assets.xcassets in Resources */ = {isa = PBXBuildFile; fileRef = 55B11D7F249E61D20029EB69 /* Assets.xcassets */; };
		55B11D83249E61D20029EB69 /* LaunchScreen.storyboard in Resources */ = {isa = PBXBuildFile; fileRef = 55B11D81249E61D20029EB69 /* LaunchScreen.storyboard */; };
		55B11D86249E61D20029EB69 /* main.m in Sources */ = {isa = PBXBuildFile; fileRef = 55B11D85249E61D20029EB69 /* main.m */; };
/* End PBXBuildFile section */

/* Begin PBXFileReference section */
		53373EF4E52EA034B0239458 /* Pods-PPPlayer.debug.xcconfig */ = {isa = PBXFileReference; includeInIndex = 1; lastKnownFileType = text.xcconfig; name = "Pods-PPPlayer.debug.xcconfig"; path = "Target Support Files/Pods-PPPlayer/Pods-PPPlayer.debug.xcconfig"; sourceTree = "<group>"; };
		55B11D70249E61D10029EB69 /* PPPlayer.app */ = {isa = PBXFileReference; explicitFileType = wrapper.application; includeInIndex = 0; path = PPPlayer.app; sourceTree = BUILT_PRODUCTS_DIR; };
		55B11D73249E61D10029EB69 /* AppDelegate.h */ = {isa = PBXFileReference; lastKnownFileType = sourcecode.c.h; path = AppDelegate.h; sourceTree = "<group>"; };
		55B11D74249E61D10029EB69 /* AppDelegate.m */ = {isa = PBXFileReference; lastKnownFileType = sourcecode.c.objc; path = AppDelegate.m; sourceTree = "<group>"; };
		55B11D79249E61D10029EB69 /* ViewController.h */ = {isa = PBXFileReference; lastKnownFileType = sourcecode.c.h; path = ViewController.h; sourceTree = "<group>"; };
		55B11D7A249E61D10029EB69 /* ViewController.m */ = {isa = PBXFileReference; lastKnownFileType = sourcecode.c.objc; path = ViewController.m; sourceTree = "<group>"; };
		55B11D7F249E61D20029EB69 /* Assets.xcassets */ = {isa = PBXFileReference; lastKnownFileType = folder.assetcatalog; path = Assets.xcassets; sourceTree = "<group>"; };
		55B11D82249E61D20029EB69 /* Base */ = {isa = PBXFileReference; lastKnownFileType = file.storyboard; name = Base; path = Base.lproj/LaunchScreen.storyboard; sourceTree = "<group>"; };
		55B11D84249E61D20029EB69 /* Info.plist */ = {isa = PBXFileReference; lastKnownFileType = text.plist.xml; path = Info.plist; sourceTree = "<group>"; };
		55B11D85249E61D20029EB69 /* main.m */ = {isa = PBXFileReference; lastKnownFileType = sourcecode.c.objc; path = main.m; sourceTree = "<group>"; };
		7CCB546D14C73BD2BA121523 /* Pods-PPPlayer.release.xcconfig */ = {isa = PBXFileReference; includeInIndex = 1; lastKnownFileType = text.xcconfig; name = "Pods-PPPlayer.release.xcconfig"; path = "Target Support Files/Pods-PPPlayer/Pods-PPPlayer.release.xcconfig"; sourceTree = "<group>"; };
		A82B1F89D8671E328A8E1A84 /* libPods-PPPlayer.a */ = {isa = PBXFileReference; explicitFileType = archive.ar; includeInIndex = 0; path = "libPods-PPPlayer.a"; sourceTree = BUILT_PRODUCTS_DIR; };
/* End PBXFileReference section */

/* Begin PBXFrameworksBuildPhase section */
		55B11D6D249E61D10029EB69 /* Frameworks */ = {
			isa = PBXFrameworksBuildPhase;
			buildActionMask = 2147483647;
			files = (
				36424D3D9981F6768415EA0D /* libPods-PPPlayer.a in Frameworks */,
			);
			runOnlyForDeploymentPostprocessing = 0;
		};
/* End PBXFrameworksBuildPhase section */

/* Begin PBXGroup section */
		1052836C41918FDD16F1B828 /* Pods */ = {
			isa = PBXGroup;
			children = (
				53373EF4E52EA034B0239458 /* Pods-PPPlayer.debug.xcconfig */,
				7CCB546D14C73BD2BA121523 /* Pods-PPPlayer.release.xcconfig */,
			);
			name = Pods;
			path = Pods;
			sourceTree = "<group>";
		};
		55B11D67249E61D10029EB69 = {
			isa = PBXGroup;
			children = (
				55B11D72249E61D10029EB69 /* PPPlayer */,
				55B11D71249E61D10029EB69 /* Products */,
				1052836C41918FDD16F1B828 /* Pods */,
				8919D9CAAAEBE09460D08529 /* Frameworks */,
			);
			sourceTree = "<group>";
		};
		55B11D71249E61D10029EB69 /* Products */ = {
			isa = PBXGroup;
			children = (
				55B11D70249E61D10029EB69 /* PPPlayer.app */,
			);
			name = Products;
			sourceTree = "<group>";
		};
		55B11D72249E61D10029EB69 /* PPPlayer */ = {
			isa = PBXGroup;
			children = (
				55B11D73249E61D10029EB69 /* AppDelegate.h */,
				55B11D74249E61D10029EB69 /* AppDelegate.m */,
				55B11D79249E61D10029EB69 /* ViewController.h */,
				55B11D7A249E61D10029EB69 /* ViewController.m */,
				55B11D7F249E61D20029EB69 /* Assets.xcassets */,
				55B11D81249E61D20029EB69 /* LaunchScreen.storyboard */,
				55B11D84249E61D20029EB69 /* Info.plist */,
				55B11D85249E61D20029EB69 /* main.m */,
			);
			path = PPPlayer;
			sourceTree = "<group>";
		};
		8919D9CAAAEBE09460D08529 /* Frameworks */ = {
			isa = PBXGroup;
			children = (
				A82B1F89D8671E328A8E1A84 /* libPods-PPPlayer.a */,
			);
			name = Frameworks;
			sourceTree = "<group>";
		};
/* End PBXGroup section */

/* Begin PBXNativeTarget section */
		55B11D6F249E61D10029EB69 /* PPPlayer */ = {
			isa = PBXNativeTarget;
			buildConfigurationList = 55B11D89249E61D20029EB69 /* Build configuration list for PBXNativeTarget "PPPlayer" */;
			buildPhases = (
				3820EE743C626CAFB2ED7788 /* [CP] Check Pods Manifest.lock */,
				55B11D6C249E61D10029EB69 /* Sources */,
				55B11D6D249E61D10029EB69 /* Frameworks */,
				55B11D6E249E61D10029EB69 /* Resources */,
				002B6EE0EC37FF2A6B3D8B63 /* [CP] Embed Pods Frameworks */,
			);
			buildRules = (
			);
			dependencies = (
			);
			name = PPPlayer;
			productName = PPPlayer;
			productReference = 55B11D70249E61D10029EB69 /* PPPlayer.app */;
			productType = "com.apple.product-type.application";
		};
/* End PBXNativeTarget section */

/* Begin PBXProject section */
		55B11D68249E61D10029EB69 /* Project object */ = {
			isa = PBXProject;
			attributes = {
				LastUpgradeCheck = 1140;
				ORGANIZATIONNAME = ab;
				TargetAttributes = {
					55B11D6F249E61D10029EB69 = {
						CreatedOnToolsVersion = 11.4.1;
					};
				};
			};
			buildConfigurationList = 55B11D6B249E61D10029EB69 /* Build configuration list for PBXProject "PPPlayer" */;
			compatibilityVersion = "Xcode 9.3";
			developmentRegion = en;
			hasScannedForEncodings = 0;
			knownRegions = (
				en,
				Base,
			);
			mainGroup = 55B11D67249E61D10029EB69;
			productRefGroup = 55B11D71249E61D10029EB69 /* Products */;
			projectDirPath = "";
			projectRoot = "";
			targets = (
				55B11D6F249E61D10029EB69 /* PPPlayer */,
			);
		};
/* End PBXProject section */

/* Begin PBXResourcesBuildPhase section */
		55B11D6E249E61D10029EB69 /* Resources */ = {
			isa = PBXResourcesBuildPhase;
			buildActionMask = 2147483647;
			files = (
				55B11D83249E61D20029EB69 /* LaunchScreen.storyboard in Resources */,
				55B11D80249E61D20029EB69 /* Assets.xcassets in Resources */,
			);
			runOnlyForDeploymentPostprocessing = 0;
		};
/* End PBXResourcesBuildPhase section */

/* Begin PBXShellScriptBuildPhase section */
		002B6EE0EC37FF2A6B3D8B63 /* [CP] Embed Pods Frameworks */ = {
			isa = PBXShellScriptBuildPhase;
			buildActionMask = 2147483647;
			files = (
			);
			inputFileListPaths = (
				"${PODS_ROOT}/Target Support Files/Pods-PPPlayer/Pods-PPPlayer-frameworks-${CONFIGURATION}-input-files.xcfilelist",
			);
			name = "[CP] Embed Pods Frameworks";
			outputFileListPaths = (
				"${PODS_ROOT}/Target Support Files/Pods-PPPlayer/Pods-PPPlayer-frameworks-${CONFIGURATION}-output-files.xcfilelist",
			);
			runOnlyForDeploymentPostprocessing = 0;
			shellPath = /bin/sh;
			shellScript = "\"${PODS_ROOT}/Target Support Files/Pods-PPPlayer/Pods-PPPlayer-frameworks.sh\"\n";
			showEnvVarsInLog = 0;
		};
		3820EE743C626CAFB2ED7788 /* [CP] Check Pods Manifest.lock */ = {
			isa = PBXShellScriptBuildPhase;
			buildActionMask = 2147483647;
			files = (
			);
			inputFileListPaths = (
			);
			inputPaths = (
				"${PODS_PODFILE_DIR_PATH}/Podfile.lock",
				"${PODS_ROOT}/Manifest.lock",
			);
			name = "[CP] Check Pods Manifest.lock";
			outputFileListPaths = (
			);
			outputPaths = (
				"$(DERIVED_FILE_DIR)/Pods-PPPlayer-checkManifestLockResult.txt",
			);
			runOnlyForDeploymentPostprocessing = 0;
			shellPath = /bin/sh;
			shellScript = "diff \"${PODS_PODFILE_DIR_PATH}/Podfile.lock\" \"${PODS_ROOT}/Manifest.lock\" > /dev/null\nif [ $? != 0 ] ; then\n    # print error to STDERR\n    echo \"error: The sandbox is not in sync with the Podfile.lock. Run 'pod install' or update your CocoaPods installation.\" >&2\n    exit 1\nfi\n# This output is used by Xcode 'outputs' to avoid re-running this script phase.\necho \"SUCCESS\" > \"${SCRIPT_OUTPUT_FILE_0}\"\n";
			showEnvVarsInLog = 0;
		};
/* End PBXShellScriptBuildPhase section */

/* Begin PBXSourcesBuildPhase section */
		55B11D6C249E61D10029EB69 /* Sources */ = {
			isa = PBXSourcesBuildPhase;
			buildActionMask = 2147483647;
			files = (
				55B11D7B249E61D10029EB69 /* ViewController.m in Sources */,
				55B11D75249E61D10029EB69 /* AppDelegate.m in Sources */,
				55B11D86249E61D20029EB69 /* main.m in Sources */,
			);
			runOnlyForDeploymentPostprocessing = 0;
		};
/* End PBXSourcesBuildPhase section */

/* Begin PBXVariantGroup section */
		55B11D81249E61D20029EB69 /* LaunchScreen.storyboard */ = {
			isa = PBXVariantGroup;
			children = (
				55B11D82249E61D20029EB69 /* Base */,
			);
			name = LaunchScreen.storyboard;
			sourceTree = "<group>";
		};
/* End PBXVariantGroup section */

/* Begin XCBuildConfiguration section */
		55B11D87249E61D20029EB69 /* Debug */ = {
			isa = XCBuildConfiguration;
			buildSettings = {
				ALWAYS_SEARCH_USER_PATHS = NO;
				CLANG_ANALYZER_NONNULL = YES;
				CLANG_ANALYZER_NUMBER_OBJECT_CONVERSION = YES_AGGRESSIVE;
				CLANG_CXX_LANGUAGE_STANDARD = "gnu++14";
				CLANG_CXX_LIBRARY = "libc++";
				CLANG_ENABLE_MODULES = YES;
				CLANG_ENABLE_OBJC_ARC = YES;
				CLANG_ENABLE_OBJC_WEAK = YES;
				CLANG_WARN_BLOCK_CAPTURE_AUTORELEASING = YES;
				CLANG_WARN_BOOL_CONVERSION = YES;
				CLANG_WARN_COMMA = YES;
				CLANG_WARN_CONSTANT_CONVERSION = YES;
				CLANG_WARN_DEPRECATED_OBJC_IMPLEMENTATIONS = YES;
				CLANG_WARN_DIRECT_OBJC_ISA_USAGE = YES_ERROR;
				CLANG_WARN_DOCUMENTATION_COMMENTS = YES;
				CLANG_WARN_EMPTY_BODY = YES;
				CLANG_WARN_ENUM_CONVERSION = YES;
				CLANG_WARN_INFINITE_RECURSION = YES;
				CLANG_WARN_INT_CONVERSION = YES;
				CLANG_WARN_NON_LITERAL_NULL_CONVERSION = YES;
				CLANG_WARN_OBJC_IMPLICIT_RETAIN_SELF = YES;
				CLANG_WARN_OBJC_LITERAL_CONVERSION = YES;
				CLANG_WARN_OBJC_ROOT_CLASS = YES_ERROR;
				CLANG_WARN_RANGE_LOOP_ANALYSIS = YES;
				CLANG_WARN_STRICT_PROTOTYPES = YES;
				CLANG_WARN_SUSPICIOUS_MOVE = YES;
				CLANG_WARN_UNGUARDED_AVAILABILITY = YES_AGGRESSIVE;
				CLANG_WARN_UNREACHABLE_CODE = YES;
				CLANG_WARN__DUPLICATE_METHOD_MATCH = YES;
				COPY_PHASE_STRIP = NO;
				DEBUG_INFORMATION_FORMAT = dwarf;
				ENABLE_STRICT_OBJC_MSGSEND = YES;
				ENABLE_TESTABILITY = YES;
				GCC_C_LANGUAGE_STANDARD = gnu11;
				GCC_DYNAMIC_NO_PIC = NO;
				GCC_NO_COMMON_BLOCKS = YES;
				GCC_OPTIMIZATION_LEVEL = 0;
				GCC_PREPROCESSOR_DEFINITIONS = (
					"DEBUG=1",
					"$(inherited)",
				);
				GCC_WARN_64_TO_32_BIT_CONVERSION = YES;
				GCC_WARN_ABOUT_RETURN_TYPE = YES_ERROR;
				GCC_WARN_UNDECLARED_SELECTOR = YES;
				GCC_WARN_UNINITIALIZED_AUTOS = YES_AGGRESSIVE;
				GCC_WARN_UNUSED_FUNCTION = YES;
				GCC_WARN_UNUSED_VARIABLE = YES;
				IPHONEOS_DEPLOYMENT_TARGET = 13.4;
				MTL_ENABLE_DEBUG_INFO = INCLUDE_SOURCE;
				MTL_FAST_MATH = YES;
				ONLY_ACTIVE_ARCH = YES;
				SDKROOT = iphoneos;
			};
			name = Debug;
		};
		55B11D88249E61D20029EB69 /* Release */ = {
			isa = XCBuildConfiguration;
			buildSettings = {
				ALWAYS_SEARCH_USER_PATHS = NO;
				CLANG_ANALYZER_NONNULL = YES;
				CLANG_ANALYZER_NUMBER_OBJECT_CONVERSION = YES_AGGRESSIVE;
				CLANG_CXX_LANGUAGE_STANDARD = "gnu++14";
				CLANG_CXX_LIBRARY = "libc++";
				CLANG_ENABLE_MODULES = YES;
				CLANG_ENABLE_OBJC_ARC = YES;
				CLANG_ENABLE_OBJC_WEAK = YES;
				CLANG_WARN_BLOCK_CAPTURE_AUTORELEASING = YES;
				CLANG_WARN_BOOL_CONVERSION = YES;
				CLANG_WARN_COMMA = YES;
				CLANG_WARN_CONSTANT_CONVERSION = YES;
				CLANG_WARN_DEPRECATED_OBJC_IMPLEMENTATIONS = YES;
				CLANG_WARN_DIRECT_OBJC_ISA_USAGE = YES_ERROR;
				CLANG_WARN_DOCUMENTATION_COMMENTS = YES;
				CLANG_WARN_EMPTY_BODY = YES;
				CLANG_WARN_ENUM_CONVERSION = YES;
				CLANG_WARN_INFINITE_RECURSION = YES;
				CLANG_WARN_INT_CONVERSION = YES;
				CLANG_WARN_NON_LITERAL_NULL_CONVERSION = YES;
				CLANG_WARN_OBJC_IMPLICIT_RETAIN_SELF = YES;
				CLANG_WARN_OBJC_LITERAL_CONVERSION = YES;
				CLANG_WARN_OBJC_ROOT_CLASS = YES_ERROR;
				CLANG_WARN_RANGE_LOOP_ANALYSIS = YES;
				CLANG_WARN_STRICT_PROTOTYPES = YES;
				CLANG_WARN_SUSPICIOUS_MOVE = YES;
				CLANG_WARN_UNGUARDED_AVAILABILITY = YES_AGGRESSIVE;
				CLANG_WARN_UNREACHABLE_CODE = YES;
				CLANG_WARN__DUPLICATE_METHOD_MATCH = YES;
				COPY_PHASE_STRIP = NO;
				DEBUG_INFORMATION_FORMAT = "dwarf-with-dsym";
				ENABLE_NS_ASSERTIONS = NO;
				ENABLE_STRICT_OBJC_MSGSEND = YES;
				GCC_C_LANGUAGE_STANDARD = gnu11;
				GCC_NO_COMMON_BLOCKS = YES;
				GCC_WARN_64_TO_32_BIT_CONVERSION = YES;
				GCC_WARN_ABOUT_RETURN_TYPE = YES_ERROR;
				GCC_WARN_UNDECLARED_SELECTOR = YES;
				GCC_WARN_UNINITIALIZED_AUTOS = YES_AGGRESSIVE;
				GCC_WARN_UNUSED_FUNCTION = YES;
				GCC_WARN_UNUSED_VARIABLE = YES;
				IPHONEOS_DEPLOYMENT_TARGET = 13.4;
				MTL_ENABLE_DEBUG_INFO = NO;
				MTL_FAST_MATH = YES;
				SDKROOT = iphoneos;
				VALIDATE_PRODUCT = YES;
			};
			name = Release;
		};
		55B11D8A249E61D20029EB69 /* Debug */ = {
			isa = XCBuildConfiguration;
			baseConfigurationReference = 53373EF4E52EA034B0239458 /* Pods-PPPlayer.debug.xcconfig */;
			buildSettings = {
				ASSETCATALOG_COMPILER_APPICON_NAME = AppIcon;
				CODE_SIGN_STYLE = Automatic;
				INFOPLIST_FILE = PPPlayer/Info.plist;
				IPHONEOS_DEPLOYMENT_TARGET = 10.0;
				LD_RUNPATH_SEARCH_PATHS = (
					"$(inherited)",
					"@executable_path/Frameworks",
				);
				PRODUCT_BUNDLE_IDENTIFIER = com.ab.PPPlayer;
				PRODUCT_NAME = "$(TARGET_NAME)";
				TARGETED_DEVICE_FAMILY = 2;
			};
			name = Debug;
		};
		55B11D8B249E61D20029EB69 /* Release */ = {
			isa = XCBuildConfiguration;
			baseConfigurationReference = 7CCB546D14C73BD2BA121523 /* Pods-PPPlayer.release.xcconfig */;
			buildSettings = {
				ASSETCATALOG_COMPILER_APPICON_NAME = AppIcon;
				CODE_SIGN_STYLE = Automatic;
				INFOPLIST_FILE = PPPlayer/Info.plist;
				IPHONEOS_DEPLOYMENT_TARGET = 10.0;
				LD_RUNPATH_SEARCH_PATHS = (
					"$(inherited)",
					"@executable_path/Frameworks",
				);
				PRODUCT_BUNDLE_IDENTIFIER = com.ab.PPPlayer;
				PRODUCT_NAME = "$(TARGET_NAME)";
				TARGETED_DEVICE_FAMILY = 2;
			};
			name = Release;
		};
/* End XCBuildConfiguration section */

/* Begin XCConfigurationList section */
		55B11D6B249E61D10029EB69 /* Build configuration list for PBXProject "PPPlayer" */ = {
			isa = XCConfigurationList;
			buildConfigurations = (
				55B11D87249E61D20029EB69 /* Debug */,
				55B11D88249E61D20029EB69 /* Release */,
			);
			defaultConfigurationIsVisible = 0;
			defaultConfigurationName = Release;
		};
		55B11D89249E61D20029EB69 /* Build configuration list for PBXNativeTarget "PPPlayer" */ = {
			isa = XCConfigurationList;
			buildConfigurations = (
				55B11D8A249E61D20029EB69 /* Debug */,
				55B11D8B249E61D20029EB69 /* Release */,
			);
			defaultConfigurationIsVisible = 0;
			defaultConfigurationName = Release;
		};
/* End XCConfigurationList section */
	};
	rootObject = 55B11D68249E61D10029EB69 /* Project object */;
}
